
Microsoft Visual Studio Solution File, Format Version 12.00
# Visual Studio Version 16
VisualStudioVersion = 16.0.30114.105
MinimumVisualStudioVersion = 10.0.40219.1
Project("{FAE04EC0-301F-11D3-BF4B-00C04F79EFBC}") = "DbControlCore", "DbControlCore.csproj", "{79F44C6D-AC53-4B55-80A0-A6B89DAE9724}"
EndProject
Global
	GlobalSection(SolutionConfigurationPlatforms) = preSolution
		Debug|Any CPU = Debug|Any CPU
		Release|Any CPU = Release|Any CPU
	EndGlobalSection
	GlobalSection(SolutionProperties) = preSolution
		HideSolutionNode = FALSE
	EndGlobalSection
	GlobalSection(ProjectConfigurationPlatforms) = postSolution
		{79F44C6D-AC53-4B55-80A0-A6B89DAE9724}.Debug|Any CPU.ActiveCfg = Debug|Any CPU
		{79F44C6D-AC53-4B55-80A0-A6B89DAE9724}.Debug|Any CPU.Build.0 = Debug|Any CPU
		{79F44C6D-AC53-4B55-80A0-A6B89DAE9724}.Release|Any CPU.ActiveCfg = Release|Any CPU
		{79F44C6D-AC53-4B55-80A0-A6B89DAE9724}.Release|Any CPU.Build.0 = Release|Any CPU
	EndGlobalSection
EndGlobal
